
Microsoft Visual Studio Solution File, Format Version 12.00
# Visual Studio Version 17
VisualStudioVersion = 17.11.35312.102
MinimumVisualStudioVersion = 10.0.40219.1
Project("{8BC9CEB8-8B4A-11D0-8D11-00A0C91BC942}") = "IStone-Paper-Scissor", "IStone-Paper-Scissor\IStone-Paper-Scissor.vcxproj", "{A1AD6743-3F58-44E7-9EAC-51F4793A24BE}"
EndProject
Global
	GlobalSection(SolutionConfigurationPlatforms) = preSolution
		Debug|x64 = Debug|x64
		Debug|x86 = Debug|x86
		Release|x64 = Release|x64
		Release|x86 = Release|x86
	EndGlobalSection
	GlobalSection(ProjectConfigurationPlatforms) = postSolution
		{A1AD6743-3F58-44E7-9EAC-51F4793A24BE}.Debug|x64.ActiveCfg = Debug|x64
		{A1AD6743-3F58-44E7-9EAC-51F4793A24BE}.Debug|x64.Build.0 = Debug|x64
		{A1AD6743-3F58-44E7-9EAC-51F4793A24BE}.Debug|x86.ActiveCfg = Debug|Win32
		{A1AD6743-3F58-44E7-9EAC-51F4793A24BE}.Debug|x86.Build.0 = Debug|Win32
		{A1AD6743-3F58-44E7-9EAC-51F4793A24BE}.Release|x64.ActiveCfg = Release|x64
		{A1AD6743-3F58-44E7-9EAC-51F4793A24BE}.Release|x64.Build.0 = Release|x64
		{A1AD6743-3F58-44E7-9EAC-51F4793A24BE}.Release|x86.ActiveCfg = Release|Win32
		{A1AD6743-3F58-44E7-9EAC-51F4793A24BE}.Release|x86.Build.0 = Release|Win32
	EndGlobalSection
	GlobalSection(SolutionProperties) = preSolution
		HideSolutionNode = FALSE
	EndGlobalSection
	GlobalSection(ExtensibilityGlobals) = postSolution
		SolutionGuid = {AE05DE97-FE1C-4D3B-B90F-01837FEA256A}
	EndGlobalSection
EndGlobal
